// !$*UTF8*$!
{
	archiveVersion = 1;
	classes = {
	};
	objectVersion = 46;
	objects = {

/* Begin PBXBuildFile section */
		3E97F7481A3E96FA0085385F /* main.m in Sources */ = {isa = PBXBuildFile; fileRef = 3E97F7471A3E96FA0085385F /* main.m */; };
		3E97F74B1A3E96FA0085385F /* AppDelegate.m in Sources */ = {isa = PBXBuildFile; fileRef = 3E97F74A1A3E96FA0085385F /* AppDelegate.m */; };
		3E97F74E1A3E96FA0085385F /* ViewController.m in Sources */ = {isa = PBXBuildFile; fileRef = 3E97F74D1A3E96FA0085385F /* ViewController.m */; };
		3E97F7511A3E96FA0085385F /* Main.storyboard in Resources */ = {isa = PBXBuildFile; fileRef = 3E97F74F1A3E96FA0085385F /* Main.storyboard */; };
		3E97F7531A3E96FA0085385F /* Images.xcassets in Resources */ = {isa = PBXBuildFile; fileRef = 3E97F7521A3E96FA0085385F /* Images.xcassets */; };
		3E97F7561A3E96FA0085385F /* LaunchScreen.xib in Resources */ = {isa = PBXBuildFile; fileRef = 3E97F7541A3E96FA0085385F /* LaunchScreen.xib */; };
		3E97F7621A3E96FB0085385F /* PWFrameWorkTests.m in Sources */ = {isa = PBXBuildFile; fileRef = 3E97F7611A3E96FB0085385F /* PWFrameWorkTests.m */; };
		3E97F76F1A3E97720085385F /* EnterViewController.m in Sources */ = {isa = PBXBuildFile; fileRef = 3E97F76D1A3E97720085385F /* EnterViewController.m */; };
		3E97F7701A3E97720085385F /* EnterViewController.xib in Resources */ = {isa = PBXBuildFile; fileRef = 3E97F76E1A3E97720085385F /* EnterViewController.xib */; };
/* End PBXBuildFile section */

/* Begin PBXContainerItemProxy section */
		3E97F75C1A3E96FB0085385F /* PBXContainerItemProxy */ = {
			isa = PBXContainerItemProxy;
			containerPortal = 3E97F73A1A3E96FA0085385F /* Project object */;
			proxyType = 1;
			remoteGlobalIDString = 3E97F7411A3E96FA0085385F;
			remoteInfo = PWFrameWork;
		};
/* End PBXContainerItemProxy section */

/* Begin PBXFileReference section */
		3E97F7421A3E96FA0085385F /* PWFrameWork.app */ = {isa = PBXFileReference; explicitFileType = wrapper.application; includeInIndex = 0; path = PWFrameWork.app; sourceTree = BUILT_PRODUCTS_DIR; };
		3E97F7461A3E96FA0085385F /* Info.plist */ = {isa = PBXFileReference; lastKnownFileType = text.plist.xml; path = Info.plist; sourceTree = "<group>"; };
		3E97F7471A3E96FA0085385F /* main.m */ = {isa = PBXFileReference; lastKnownFileType = sourcecode.c.objc; path = main.m; sourceTree = "<group>"; };
		3E97F7491A3E96FA0085385F /* AppDelegate.h */ = {isa = PBXFileReference; lastKnownFileType = sourcecode.c.h; path = AppDelegate.h; sourceTree = "<group>"; };
		3E97F74A1A3E96FA0085385F /* AppDelegate.m */ = {isa = PBXFileReference; lastKnownFileType = sourcecode.c.objc; path = AppDelegate.m; sourceTree = "<group>"; };
		3E97F74C1A3E96FA0085385F /* ViewController.h */ = {isa = PBXFileReference; lastKnownFileType = sourcecode.c.h; path = ViewController.h; sourceTree = "<group>"; };
		3E97F74D1A3E96FA0085385F /* ViewController.m */ = {isa = PBXFileReference; lastKnownFileType = sourcecode.c.objc; path = ViewController.m; sourceTree = "<group>"; };
		3E97F7501A3E96FA0085385F /* Base */ = {isa = PBXFileReference; lastKnownFileType = file.storyboard; name = Base; path = Base.lproj/Main.storyboard; sourceTree = "<group>"; };
		3E97F7521A3E96FA0085385F /* Images.xcassets */ = {isa = PBXFileReference; lastKnownFileType = folder.assetcatalog; path = Images.xcassets; sourceTree = "<group>"; };
		3E97F7551A3E96FA0085385F /* Base */ = {isa = PBXFileReference; lastKnownFileType = file.xib; name = Base; path = Base.lproj/LaunchScreen.xib; sourceTree = "<group>"; };
		3E97F75B1A3E96FB0085385F /* PWFrameWorkTests.xctest */ = {isa = PBXFileReference; explicitFileType = wrapper.cfbundle; includeInIndex = 0; path = PWFrameWorkTests.xctest; sourceTree = BUILT_PRODUCTS_DIR; };
		3E97F7601A3E96FB0085385F /* Info.plist */ = {isa = PBXFileReference; lastKnownFileType = text.plist.xml; path = Info.plist; sourceTree = "<group>"; };
		3E97F7611A3E96FB0085385F /* PWFrameWorkTests.m */ = {isa = PBXFileReference; lastKnownFileType = sourcecode.c.objc; path = PWFrameWorkTests.m; sourceTree = "<group>"; };
		3E97F76C1A3E97720085385F /* EnterViewController.h */ = {isa = PBXFileReference; fileEncoding = 4; lastKnownFileType = sourcecode.c.h; path = EnterViewController.h; sourceTree = "<group>"; };
		3E97F76D1A3E97720085385F /* EnterViewController.m */ = {isa = PBXFileReference; fileEncoding = 4; lastKnownFileType = sourcecode.c.objc; path = EnterViewController.m; sourceTree = "<group>"; };
		3E97F76E1A3E97720085385F /* EnterViewController.xib */ = {isa = PBXFileReference; fileEncoding = 4; lastKnownFileType = file.xib; path = EnterViewController.xib; sourceTree = "<group>"; };
/* End PBXFileReference section */

/* Begin PBXFrameworksBuildPhase section */
		3E97F73F1A3E96FA0085385F /* Frameworks */ = {
			isa = PBXFrameworksBuildPhase;
			buildActionMask = 2147483647;
			files = (
			);
			runOnlyForDeploymentPostprocessing = 0;
		};
		3E97F7581A3E96FB0085385F /* Frameworks */ = {
			isa = PBXFrameworksBuildPhase;
			buildActionMask = 2147483647;
			files = (
			);
			runOnlyForDeploymentPostprocessing = 0;
		};
/* End PBXFrameworksBuildPhase section */

/* Begin PBXGroup section */
		3E97F7391A3E96FA0085385F = {
			isa = PBXGroup;
			children = (
				3E97F7441A3E96FA0085385F /* PWFrameWork */,
				3E97F75E1A3E96FB0085385F /* PWFrameWorkTests */,
				3E97F7431A3E96FA0085385F /* Products */,
			);
			sourceTree = "<group>";
		};
		3E97F7431A3E96FA0085385F /* Products */ = {
			isa = PBXGroup;
			children = (
				3E97F7421A3E96FA0085385F /* PWFrameWork.app */,
				3E97F75B1A3E96FB0085385F /* PWFrameWorkTests.xctest */,
			);
			name = Products;
			sourceTree = "<group>";
		};
		3E97F7441A3E96FA0085385F /* PWFrameWork */ = {
			isa = PBXGroup;
			children = (
				3E97F76B1A3E97720085385F /* PWFrameWork */,
				3E97F7491A3E96FA0085385F /* AppDelegate.h */,
				3E97F74A1A3E96FA0085385F /* AppDelegate.m */,
				3E97F74C1A3E96FA0085385F /* ViewController.h */,
				3E97F74D1A3E96FA0085385F /* ViewController.m */,
				3E97F74F1A3E96FA0085385F /* Main.storyboard */,
				3E97F7521A3E96FA0085385F /* Images.xcassets */,
				3E97F7541A3E96FA0085385F /* LaunchScreen.xib */,
				3E97F7451A3E96FA0085385F /* Supporting Files */,
			);
			path = PWFrameWork;
			sourceTree = "<group>";
		};
		3E97F7451A3E96FA0085385F /* Supporting Files */ = {
			isa = PBXGroup;
			children = (
				3E97F7461A3E96FA0085385F /* Info.plist */,
				3E97F7471A3E96FA0085385F /* main.m */,
			);
			name = "Supporting Files";
			sourceTree = "<group>";
		};
		3E97F75E1A3E96FB0085385F /* PWFrameWorkTests */ = {
			isa = PBXGroup;
			children = (
				3E97F7611A3E96FB0085385F /* PWFrameWorkTests.m */,
				3E97F75F1A3E96FB0085385F /* Supporting Files */,
			);
			path = PWFrameWorkTests;
			sourceTree = "<group>";
		};
		3E97F75F1A3E96FB0085385F /* Supporting Files */ = {
			isa = PBXGroup;
			children = (
				3E97F7601A3E96FB0085385F /* Info.plist */,
			);
			name = "Supporting Files";
			sourceTree = "<group>";
		};
		3E97F76B1A3E97720085385F /* PWFrameWork */ = {
			isa = PBXGroup;
			children = (
				3E97F76C1A3E97720085385F /* EnterViewController.h */,
				3E97F76D1A3E97720085385F /* EnterViewController.m */,
				3E97F76E1A3E97720085385F /* EnterViewController.xib */,
			);
			path = PWFrameWork;
			sourceTree = "<group>";
		};
/* End PBXGroup section */

/* Begin PBXNativeTarget section */
		3E97F7411A3E96FA0085385F /* PWFrameWork */ = {
			isa = PBXNativeTarget;
			buildConfigurationList = 3E97F7651A3E96FB0085385F /* Build configuration list for PBXNativeTarget "PWFrameWork" */;
			buildPhases = (
				3E97F73E1A3E96FA0085385F /* Sources */,
				3E97F73F1A3E96FA0085385F /* Frameworks */,
				3E97F7401A3E96FA0085385F /* Resources */,
			);
			buildRules = (
			);
			dependencies = (
			);
			name = PWFrameWork;
			productName = PWFrameWork;
			productReference = 3E97F7421A3E96FA0085385F /* PWFrameWork.app */;
			productType = "com.apple.product-type.application";
		};
		3E97F75A1A3E96FB0085385F /* PWFrameWorkTests */ = {
			isa = PBXNativeTarget;
			buildConfigurationList = 3E97F7681A3E96FB0085385F /* Build configuration list for PBXNativeTarget "PWFrameWorkTests" */;
			buildPhases = (
				3E97F7571A3E96FB0085385F /* Sources */,
				3E97F7581A3E96FB0085385F /* Frameworks */,
				3E97F7591A3E96FB0085385F /* Resources */,
			);
			buildRules = (
			);
			dependencies = (
				3E97F75D1A3E96FB0085385F /* PBXTargetDependency */,
			);
			name = PWFrameWorkTests;
			productName = PWFrameWorkTests;
			productReference = 3E97F75B1A3E96FB0085385F /* PWFrameWorkTests.xctest */;
			productType = "com.apple.product-type.bundle.unit-test";
		};
/* End PBXNativeTarget section */

/* Begin PBXProject section */
		3E97F73A1A3E96FA0085385F /* Project object */ = {
			isa = PBXProject;
			attributes = {
				LastUpgradeCheck = 0610;
				ORGANIZATIONNAME = WangHong;
				TargetAttributes = {
					3E97F7411A3E96FA0085385F = {
						CreatedOnToolsVersion = 6.1.1;
					};
					3E97F75A1A3E96FB0085385F = {
						CreatedOnToolsVersion = 6.1.1;
						TestTargetID = 3E97F7411A3E96FA0085385F;
					};
				};
			};
			buildConfigurationList = 3E97F73D1A3E96FA0085385F /* Build configuration list for PBXProject "PWFrameWork" */;
			compatibilityVersion = "Xcode 3.2";
			developmentRegion = English;
			hasScannedForEncodings = 0;
			knownRegions = (
				en,
				Base,
			);
			mainGroup = 3E97F7391A3E96FA0085385F;
			productRefGroup = 3E97F7431A3E96FA0085385F /* Products */;
			projectDirPath = "";
			projectRoot = "";
			targets = (
				3E97F7411A3E96FA0085385F /* PWFrameWork */,
				3E97F75A1A3E96FB0085385F /* PWFrameWorkTests */,
			);
		};
/* End PBXProject section */

/* Begin PBXResourcesBuildPhase section */
		3E97F7401A3E96FA0085385F /* Resources */ = {
			isa = PBXResourcesBuildPhase;
			buildActionMask = 2147483647;
			files = (
				3E97F7511A3E96FA0085385F /* Main.storyboard in Resources */,
				3E97F7701A3E97720085385F /* EnterViewController.xib in Resources */,
				3E97F7561A3E96FA0085385F /* LaunchScreen.xib in Resources */,
				3E97F7531A3E96FA0085385F /* Images.xcassets in Resources */,
			);
			runOnlyForDeploymentPostprocessing = 0;
		};
		3E97F7591A3E96FB0085385F /* Resources */ = {
			isa = PBXResourcesBuildPhase;
			buildActionMask = 2147483647;
			files = (
			);
			runOnlyForDeploymentPostprocessing = 0;
		};
/* End PBXResourcesBuildPhase section */

/* Begin PBXSourcesBuildPhase section */
		3E97F73E1A3E96FA0085385F /* Sources */ = {
			isa = PBXSourcesBuildPhase;
			buildActionMask = 2147483647;
			files = (
				3E97F74E1A3E96FA0085385F /* ViewController.m in Sources */,
				3E97F76F1A3E97720085385F /* EnterViewController.m in Sources */,
				3E97F74B1A3E96FA0085385F /* AppDelegate.m in Sources */,
				3E97F7481A3E96FA0085385F /* main.m in Sources */,
			);
			runOnlyForDeploymentPostprocessing = 0;
		};
		3E97F7571A3E96FB0085385F /* Sources */ = {
			isa = PBXSourcesBuildPhase;
			buildActionMask = 2147483647;
			files = (
				3E97F7621A3E96FB0085385F /* PWFrameWorkTests.m in Sources */,
			);
			runOnlyForDeploymentPostprocessing = 0;
		};
/* End PBXSourcesBuildPhase section */

/* Begin PBXTargetDependency section */
		3E97F75D1A3E96FB0085385F /* PBXTargetDependency */ = {
			isa = PBXTargetDependency;
			target = 3E97F7411A3E96FA0085385F /* PWFrameWork */;
			targetProxy = 3E97F75C1A3E96FB0085385F /* PBXContainerItemProxy */;
		};
/* End PBXTargetDependency section */

/* Begin PBXVariantGroup section */
		3E97F74F1A3E96FA0085385F /* Main.storyboard */ = {
			isa = PBXVariantGroup;
			children = (
				3E97F7501A3E96FA0085385F /* Base */,
			);
			name = Main.storyboard;
			sourceTree = "<group>";
		};
		3E97F7541A3E96FA0085385F /* LaunchScreen.xib */ = {
			isa = PBXVariantGroup;
			children = (
				3E97F7551A3E96FA0085385F /* Base */,
			);
			name = LaunchScreen.xib;
			sourceTree = "<group>";
		};
/* End PBXVariantGroup section */

/* Begin XCBuildConfiguration section */
		3E97F7631A3E96FB0085385F /* Debug */ = {
			isa = XCBuildConfiguration;
			buildSettings = {
				ALWAYS_SEARCH_USER_PATHS = NO;
				CLANG_CXX_LANGUAGE_STANDARD = "gnu++0x";
				CLANG_CXX_LIBRARY = "libc++";
				CLANG_ENABLE_MODULES = YES;
				CLANG_ENABLE_OBJC_ARC = YES;
				CLANG_WARN_BOOL_CONVERSION = YES;
				CLANG_WARN_CONSTANT_CONVERSION = YES;
				CLANG_WARN_DIRECT_OBJC_ISA_USAGE = YES_ERROR;
				CLANG_WARN_EMPTY_BODY = YES;
				CLANG_WARN_ENUM_CONVERSION = YES;
				CLANG_WARN_INT_CONVERSION = YES;
				CLANG_WARN_OBJC_ROOT_CLASS = YES_ERROR;
				CLANG_WARN_UNREACHABLE_CODE = YES;
				CLANG_WARN__DUPLICATE_METHOD_MATCH = YES;
				"CODE_SIGN_IDENTITY[sdk=iphoneos*]" = "iPhone Developer";
				COPY_PHASE_STRIP = NO;
				ENABLE_STRICT_OBJC_MSGSEND = YES;
				GCC_C_LANGUAGE_STANDARD = gnu99;
				GCC_DYNAMIC_NO_PIC = NO;
				GCC_OPTIMIZATION_LEVEL = 0;
				GCC_PREPROCESSOR_DEFINITIONS = (
					"DEBUG=1",
					"$(inherited)",
				);
				GCC_SYMBOLS_PRIVATE_EXTERN = NO;
				GCC_WARN_64_TO_32_BIT_CONVERSION = YES;
				GCC_WARN_ABOUT_RETURN_TYPE = YES_ERROR;
				GCC_WARN_UNDECLARED_SELECTOR = YES;
				GCC_WARN_UNINITIALIZED_AUTOS = YES_AGGRESSIVE;
				GCC_WARN_UNUSED_FUNCTION = YES;
				GCC_WARN_UNUSED_VARIABLE = YES;
				IPHONEOS_DEPLOYMENT_TARGET = 8.1;
				MTL_ENABLE_DEBUG_INFO = YES;
				ONLY_ACTIVE_ARCH = YES;
				SDKROOT = iphoneos;
			};
			name = Debug;
		};
		3E97F7641A3E96FB0085385F /* Release */ = {
			isa = XCBuildConfiguration;
			buildSettings = {
				ALWAYS_SEARCH_USER_PATHS = NO;
				CLANG_CXX_LANGUAGE_STANDARD = "gnu++0x";
				CLANG_CXX_LIBRARY = "libc++";
				CLANG_ENABLE_MODULES = YES;
				CLANG_ENABLE_OBJC_ARC = YES;
				CLANG_WARN_BOOL_CONVERSION = YES;
				CLANG_WARN_CONSTANT_CONVERSION = YES;
				CLANG_WARN_DIRECT_OBJC_ISA_USAGE = YES_ERROR;
				CLANG_WARN_EMPTY_BODY = YES;
				CLANG_WARN_ENUM_CONVERSION = YES;
				CLANG_WARN_INT_CONVERSION = YES;
				CLANG_WARN_OBJC_ROOT_CLASS = YES_ERROR;
				CLANG_WARN_UNREACHABLE_CODE = YES;
				CLANG_WARN__DUPLICATE_METHOD_MATCH = YES;
				"CODE_SIGN_IDENTITY[sdk=iphoneos*]" = "iPhone Developer";
				COPY_PHASE_STRIP = YES;
				ENABLE_NS_ASSERTIONS = NO;
				ENABLE_STRICT_OBJC_MSGSEND = YES;
				GCC_C_LANGUAGE_STANDARD = gnu99;
				GCC_WARN_64_TO_32_BIT_CONVERSION = YES;
				GCC_WARN_ABOUT_RETURN_TYPE = YES_ERROR;
				GCC_WARN_UNDECLARED_SELECTOR = YES;
				GCC_WARN_UNINITIALIZED_AUTOS = YES_AGGRESSIVE;
				GCC_WARN_UNUSED_FUNCTION = YES;
				GCC_WARN_UNUSED_VARIABLE = YES;
				IPHONEOS_DEPLOYMENT_TARGET = 8.1;
				MTL_ENABLE_DEBUG_INFO = NO;
				SDKROOT = iphoneos;
				VALIDATE_PRODUCT = YES;
			};
			name = Release;
		};
		3E97F7661A3E96FB0085385F /* Debug */ = {
			isa = XCBuildConfiguration;
			buildSettings = {
				ASSETCATALOG_COMPILER_APPICON_NAME = AppIcon;
				INFOPLIST_FILE = PWFrameWork/Info.plist;
				LD_RUNPATH_SEARCH_PATHS = "$(inherited) @executable_path/Frameworks";
				PRODUCT_NAME = "$(TARGET_NAME)";
			};
			name = Debug;
		};
		3E97F7671A3E96FB0085385F /* Release */ = {
			isa = XCBuildConfiguration;
			buildSettings = {
				ASSETCATALOG_COMPILER_APPICON_NAME = AppIcon;
				INFOPLIST_FILE = PWFrameWork/Info.plist;
				LD_RUNPATH_SEARCH_PATHS = "$(inherited) @executable_path/Frameworks";
				PRODUCT_NAME = "$(TARGET_NAME)";
			};
			name = Release;
		};
		3E97F7691A3E96FB0085385F /* Debug */ = {
			isa = XCBuildConfiguration;
			buildSettings = {
				BUNDLE_LOADER = "$(TEST_HOST)";
				FRAMEWORK_SEARCH_PATHS = (
					"$(SDKROOT)/Developer/Library/Frameworks",
					"$(inherited)",
				);
				GCC_PREPROCESSOR_DEFINITIONS = (
					"DEBUG=1",
					"$(inherited)",
				);
				INFOPLIST_FILE = PWFrameWorkTests/Info.plist;
				LD_RUNPATH_SEARCH_PATHS = "$(inherited) @executable_path/Frameworks @loader_path/Frameworks";
				PRODUCT_NAME = "$(TARGET_NAME)";
				TEST_HOST = "$(BUILT_PRODUCTS_DIR)/PWFrameWork.app/PWFrameWork";
			};
			name = Debug;
		};
		3E97F76A1A3E96FB0085385F /* Release */ = {
			isa = XCBuildConfiguration;
			buildSettings = {
				BUNDLE_LOADER = "$(TEST_HOST)";
				FRAMEWORK_SEARCH_PATHS = (
					"$(SDKROOT)/Developer/Library/Frameworks",
					"$(inherited)",
				);
				INFOPLIST_FILE = PWFrameWorkTests/Info.plist;
				LD_RUNPATH_SEARCH_PATHS = "$(inherited) @executable_path/Frameworks @loader_path/Frameworks";
				PRODUCT_NAME = "$(TARGET_NAME)";
				TEST_HOST = "$(BUILT_PRODUCTS_DIR)/PWFrameWork.app/PWFrameWork";
			};
			name = Release;
		};
/* End XCBuildConfiguration section */

/* Begin XCConfigurationList section */
		3E97F73D1A3E96FA0085385F /* Build configuration list for PBXProject "PWFrameWork" */ = {
			isa = XCConfigurationList;
			buildConfigurations = (
				3E97F7631A3E96FB0085385F /* Debug */,
				3E97F7641A3E96FB0085385F /* Release */,
			);
			defaultConfigurationIsVisible = 0;
			defaultConfigurationName = Release;
		};
		3E97F7651A3E96FB0085385F /* Build configuration list for PBXNativeTarget "PWFrameWork" */ = {
			isa = XCConfigurationList;
			buildConfigurations = (
				3E97F7661A3E96FB0085385F /* Debug */,
				3E97F7671A3E96FB0085385F /* Release */,
			);
			defaultConfigurationIsVisible = 0;
			defaultConfigurationName = Release;
		};
		3E97F7681A3E96FB0085385F /* Build configuration list for PBXNativeTarget "PWFrameWorkTests" */ = {
			isa = XCConfigurationList;
			buildConfigurations = (
				3E97F7691A3E96FB0085385F /* Debug */,
				3E97F76A1A3E96FB0085385F /* Release */,
			);
			defaultConfigurationIsVisible = 0;
			defaultConfigurationName = Release;
		};
/* End XCConfigurationList section */
	};
	rootObject = 3E97F73A1A3E96FA0085385F /* Project object */;
}
